Microsoft Visual Studio Solution File, Format Version 12.00
# Visual Studio Version 17
VisualStudioVersion = 17.5.2.0
MinimumVisualStudioVersion = 10.0.40219.1
Project("{FAE04EC0-301F-11D3-BF4B-00C04F79EFBC}") = "ConsultaMaisAPI", "ConsultaMaisAPI\ConsultaMaisAPI.csproj", "{8566A466-CAC5-9CE2-F0CA-F1DC866054AD}"
EndProject
Global
	GlobalSection(SolutionConfigurationPlatforms) = preSolution
		Debug|Any CPU = Debug|Any CPU
		Release|Any CPU = Release|Any CPU
	EndGlobalSection
	GlobalSection(ProjectConfigurationPlatforms) = postSolution
		{8566A466-CAC5-9CE2-F0CA-F1DC866054AD}.Debug|Any CPU.ActiveCfg = Debug|Any CPU
		{8566A466-CAC5-9CE2-F0CA-F1DC866054AD}.Debug|Any CPU.Build.0 = Debug|Any CPU
		{8566A466-CAC5-9CE2-F0CA-F1DC866054AD}.Release|Any CPU.ActiveCfg = Release|Any CPU
		{8566A466-CAC5-9CE2-F0CA-F1DC866054AD}.Release|Any CPU.Build.0 = Release|Any CPU
	EndGlobalSection
	GlobalSection(SolutionProperties) = preSolution
		HideSolutionNode = FALSE
	EndGlobalSection
	GlobalSection(ExtensibilityGlobals) = postSolution
		SolutionGuid = {DEC33580-4BF0-421C-A08A-A4F06DB99C40}
	EndGlobalSection
EndGlobal
